
Microsoft Visual Studio Solution File, Format Version 12.00
# Visual Studio Version 17
VisualStudioVersion = 17.12.35707.178
MinimumVisualStudioVersion = 10.0.40219.1
Project("{FAE04EC0-301F-11D3-BF4B-00C04F79EFBC}") = "TodoApi", "TodoApi.csproj", "{D5464522-9E7F-4377-806E-280DF7540547}"
EndProject
Project("{2150E333-8FDC-42A3-9474-1A3956D46DE8}") = "Solution Items", "Solution Items", "{383F49B9-E9AD-4AB4-9DC7-28FB452F4C5B}"
	ProjectSection(SolutionItems) = preProject
		.gitignore = .gitignore
		README.md = README.md
	EndProjectSection
EndProject
Global
	GlobalSection(SolutionConfigurationPlatforms) = preSolution
		Debug|Any CPU = Debug|Any CPU
		Release|Any CPU = Release|Any CPU
	EndGlobalSection
	GlobalSection(ProjectConfigurationPlatforms) = postSolution
		{D5464522-9E7F-4377-806E-280DF7540547}.Debug|Any CPU.ActiveCfg = Debug|Any CPU
		{D5464522-9E7F-4377-806E-280DF7540547}.Debug|Any CPU.Build.0 = Debug|Any CPU
		{D5464522-9E7F-4377-806E-280DF7540547}.Release|Any CPU.ActiveCfg = Release|Any CPU
		{D5464522-9E7F-4377-806E-280DF7540547}.Release|Any CPU.Build.0 = Release|Any CPU
	EndGlobalSection
	GlobalSection(SolutionProperties) = preSolution
		HideSolutionNode = FALSE
	EndGlobalSection
EndGlobal
